
Microsoft Visual Studio Solution File, Format Version 12.00
# Visual Studio Version 17
VisualStudioVersion = 17.3.32922.545
MinimumVisualStudioVersion = 10.0.40219.1
Project("{9A19103F-16F7-4668-BE54-9A1E7A4F7556}") = "WHS", "WHS\WHS.csproj", "{C23A1D5F-35E1-49B6-AC3F-D3310676D9B6}"
EndProject
Project("{2150E333-8FDC-42A3-9474-1A3956D46DE8}") = "Core", "Core", "{AC0EA6C6-A0E5-4BF2-B994-143EA0240366}"
EndProject
Project("{9A19103F-16F7-4668-BE54-9A1E7A4F7556}") = "WHS.Infrastructure", "Core\WHS.Infrastructure\WHS.Infrastructure.csproj", "{2298F61E-388D-4BC6-B75C-A899014BFB63}"
EndProject
Project("{2150E333-8FDC-42A3-9474-1A3956D46DE8}") = "Plugins", "Plugins", "{9703857A-10BA-48E5-ABCB-4D4D619FC899}"
EndProject
Project("{9A19103F-16F7-4668-BE54-9A1E7A4F7556}") = "WHS.DEVICE.WEIGHT", "Plugins\WHS.DEVICE.WEIGHT\WHS.DEVICE.WEIGHT.csproj", "{F545FAC7-57C5-420E-8F69-D409F1E9A2CA}"
EndProject
Project("{9A19103F-16F7-4668-BE54-9A1E7A4F7556}") = "WPFLocalizeExtension", "Core\WPFLocalizationExtension\WPFLocalizeExtension.csproj", "{90355CC2-8505-4034-94D1-24B06A6B3F1C}"
EndProject
Project("{9A19103F-16F7-4668-BE54-9A1E7A4F7556}") = "WHS.DEVICE.ROBOTNEW", "Plugins\WHS.DEVICE.ROBOTNEW\WHS.DEVICE.ROBOTNEW.csproj", "{C8DC0C0A-CDBF-421E-9AB2-7A0972DB4A46}"
EndProject
Project("{9A19103F-16F7-4668-BE54-9A1E7A4F7556}") = "WHS.DEVICE.MAPDESIGN", "Plugins\WHS.DEVICE.MAPDESIGN\WHS.DEVICE.MAPDESIGN.csproj", "{2FF29927-900D-4EB7-AD4E-92DE5FC6CA0F}"
EndProject
Project("{2150E333-8FDC-42A3-9474-1A3956D46DE8}") = ".Solution Items", ".Solution Items", "{068121BC-E1FD-4AB1-9017-A347A5627A23}"
	ProjectSection(SolutionItems) = preProject
		.editorconfig = .editorconfig
		.gitignore = .gitignore
		Directory.Build.props = Directory.Build.props
		Directory.Build.targets = Directory.Build.targets
		LICENSE = LICENSE
		NuGet.config = NuGet.config
		README.md = README.md
	EndProjectSection
EndProject
Project("{2150E333-8FDC-42A3-9474-1A3956D46DE8}") = "Templates", "Templates", "{CD9DC458-1548-45A3-BF8F-96F8B38BD7A3}"
EndProject
Project("{2150E333-8FDC-42A3-9474-1A3956D46DE8}") = "Setup", "Setup", "{E4D176CB-6DC3-4B51-BD3D-26CF6DE03CDD}"
EndProject
Project("{930C7802-8A8C-48F9-8165-68863BCCD9DD}") = "WHSSetup", "Setup\WHSSetup\WHSSetup.wixproj", "{5C8F82F0-205F-44C1-8590-2B6A43B3E39D}"
EndProject
Project("{2150E333-8FDC-42A3-9474-1A3956D46DE8}") = "Document", "Document", "{735A2C6F-DBE1-463C-A7F0-3F37B7FDC9DB}"
EndProject
Project("{7CF6DF6D-3B04-46F8-A40B-537D21BCA0B4}") = "WHSDocumentation", "Document\WHSDocumentation\WHSDocumentation.shfbproj", "{A50AAE3F-414E-4721-B77A-3912CDE3E27A}"
EndProject
Project("{FAE04EC0-301F-11D3-BF4B-00C04F79EFBC}") = "WHS_CustomAction", "Setup\WHS_CustomAction\WHS_CustomAction.csproj", "{2358A53F-D327-4DBA-9B81-247FA7CD0AB4}"
EndProject
Project("{2150E333-8FDC-42A3-9474-1A3956D46DE8}") = "WHSPlugin", "WHSPlugin", "{B4A9D8F3-12C7-43C7-B276-3B8543E387E9}"
EndProject
Project("{9A19103F-16F7-4668-BE54-9A1E7A4F7556}") = "WHS.DEVICE.AUDIO", "Plugins\WHS.DEVICE.AUDIO\WHS.DEVICE.AUDIO.csproj", "{5A1ECB8E-2084-4108-9052-A7A49D83B788}"
EndProject
Project("{2150E333-8FDC-42A3-9474-1A3956D46DE8}") = "CaliburnMicro", "CaliburnMicro", "{A78E83AB-E031-4857-9C94-BDACD13921EF}"
EndProject
Project("{9A19103F-16F7-4668-BE54-9A1E7A4F7556}") = "CaliburnMicro6", "Templates\CaliburnMicro6\CaliburnMicro6.csproj", "{67BB774A-6C78-430D-BBC8-74365156B87E}"
EndProject
Project("{9A19103F-16F7-4668-BE54-9A1E7A4F7556}") = "WHSPlugin6", "Templates\WHSPlugin6\WHSPlugin6.csproj", "{7CDE83DB-0B71-433F-A9A2-8FEBB2165C13}"
EndProject
Project("{9A19103F-16F7-4668-BE54-9A1E7A4F7556}") = "WHS.IDMVS", "Plugins\WHS.IDMVS\WHS.IDMVS.csproj", "{D2B3B712-B297-41CB-8800-87C55B86169D}"
EndProject
Global
	GlobalSection(SolutionConfigurationPlatforms) = preSolution
		Debug|Any CPU = Debug|Any CPU
		Debug|x64 = Debug|x64
		Debug|x86 = Debug|x86
		Release|Any CPU = Release|Any CPU
		Release|x64 = Release|x64
		Release|x86 = Release|x86
	EndGlobalSection
	GlobalSection(ProjectConfigurationPlatforms) = postSolution
		{C23A1D5F-35E1-49B6-AC3F-D3310676D9B6}.Debug|Any CPU.ActiveCfg = Debug|Any CPU
		{C23A1D5F-35E1-49B6-AC3F-D3310676D9B6}.Debug|Any CPU.Build.0 = Debug|Any CPU
		{C23A1D5F-35E1-49B6-AC3F-D3310676D9B6}.Debug|x64.ActiveCfg = Debug|Any CPU
		{C23A1D5F-35E1-49B6-AC3F-D3310676D9B6}.Debug|x64.Build.0 = Debug|Any CPU
		{C23A1D5F-35E1-49B6-AC3F-D3310676D9B6}.Debug|x86.ActiveCfg = Debug|Any CPU
		{C23A1D5F-35E1-49B6-AC3F-D3310676D9B6}.Debug|x86.Build.0 = Debug|Any CPU
		{C23A1D5F-35E1-49B6-AC3F-D3310676D9B6}.Release|Any CPU.ActiveCfg = Release|Any CPU
		{C23A1D5F-35E1-49B6-AC3F-D3310676D9B6}.Release|Any CPU.Build.0 = Release|Any CPU
		{C23A1D5F-35E1-49B6-AC3F-D3310676D9B6}.Release|x64.ActiveCfg = Release|Any CPU
		{C23A1D5F-35E1-49B6-AC3F-D3310676D9B6}.Release|x64.Build.0 = Release|Any CPU
		{C23A1D5F-35E1-49B6-AC3F-D3310676D9B6}.Release|x86.ActiveCfg = Release|Any CPU
		{C23A1D5F-35E1-49B6-AC3F-D3310676D9B6}.Release|x86.Build.0 = Release|Any CPU
		{2298F61E-388D-4BC6-B75C-A899014BFB63}.Debug|Any CPU.ActiveCfg = Debug|Any CPU
		{2298F61E-388D-4BC6-B75C-A899014BFB63}.Debug|Any CPU.Build.0 = Debug|Any CPU
		{2298F61E-388D-4BC6-B75C-A899014BFB63}.Debug|x64.ActiveCfg = Debug|Any CPU
		{2298F61E-388D-4BC6-B75C-A899014BFB63}.Debug|x64.Build.0 = Debug|Any CPU
		{2298F61E-388D-4BC6-B75C-A899014BFB63}.Debug|x86.ActiveCfg = Debug|Any CPU
		{2298F61E-388D-4BC6-B75C-A899014BFB63}.Debug|x86.Build.0 = Debug|Any CPU
		{2298F61E-388D-4BC6-B75C-A899014BFB63}.Release|Any CPU.ActiveCfg = Release|Any CPU
		{2298F61E-388D-4BC6-B75C-A899014BFB63}.Release|Any CPU.Build.0 = Release|Any CPU
		{2298F61E-388D-4BC6-B75C-A899014BFB63}.Release|x64.ActiveCfg = Release|Any CPU
		{2298F61E-388D-4BC6-B75C-A899014BFB63}.Release|x64.Build.0 = Release|Any CPU
		{2298F61E-388D-4BC6-B75C-A899014BFB63}.Release|x86.ActiveCfg = Release|Any CPU
		{2298F61E-388D-4BC6-B75C-A899014BFB63}.Release|x86.Build.0 = Release|Any CPU
		{F545FAC7-57C5-420E-8F69-D409F1E9A2CA}.Debug|Any CPU.ActiveCfg = Debug|Any CPU
		{F545FAC7-57C5-420E-8F69-D409F1E9A2CA}.Debug|Any CPU.Build.0 = Debug|Any CPU
		{F545FAC7-57C5-420E-8F69-D409F1E9A2CA}.Debug|x64.ActiveCfg = Debug|Any CPU
		{F545FAC7-57C5-420E-8F69-D409F1E9A2CA}.Debug|x64.Build.0 = Debug|Any CPU
		{F545FAC7-57C5-420E-8F69-D409F1E9A2CA}.Debug|x86.ActiveCfg = Debug|Any CPU
		{F545FAC7-57C5-420E-8F69-D409F1E9A2CA}.Debug|x86.Build.0 = Debug|Any CPU
		{F545FAC7-57C5-420E-8F69-D409F1E9A2CA}.Release|Any CPU.ActiveCfg = Release|Any CPU
		{F545FAC7-57C5-420E-8F69-D409F1E9A2CA}.Release|Any CPU.Build.0 = Release|Any CPU
		{F545FAC7-57C5-420E-8F69-D409F1E9A2CA}.Release|x64.ActiveCfg = Release|Any CPU
		{F545FAC7-57C5-420E-8F69-D409F1E9A2CA}.Release|x64.Build.0 = Release|Any CPU
		{F545FAC7-57C5-420E-8F69-D409F1E9A2CA}.Release|x86.ActiveCfg = Release|Any CPU
		{F545FAC7-57C5-420E-8F69-D409F1E9A2CA}.Release|x86.Build.0 = Release|Any CPU
		{90355CC2-8505-4034-94D1-24B06A6B3F1C}.Debug|Any CPU.ActiveCfg = Debug|Any CPU
		{90355CC2-8505-4034-94D1-24B06A6B3F1C}.Debug|Any CPU.Build.0 = Debug|Any CPU
		{90355CC2-8505-4034-94D1-24B06A6B3F1C}.Debug|x64.ActiveCfg = Debug|Any CPU
		{90355CC2-8505-4034-94D1-24B06A6B3F1C}.Debug|x64.Build.0 = Debug|Any CPU
		{90355CC2-8505-4034-94D1-24B06A6B3F1C}.Debug|x86.ActiveCfg = Debug|Any CPU
		{90355CC2-8505-4034-94D1-24B06A6B3F1C}.Debug|x86.Build.0 = Debug|Any CPU
		{90355CC2-8505-4034-94D1-24B06A6B3F1C}.Release|Any CPU.ActiveCfg = Release|Any CPU
		{90355CC2-8505-4034-94D1-24B06A6B3F1C}.Release|Any CPU.Build.0 = Release|Any CPU
		{90355CC2-8505-4034-94D1-24B06A6B3F1C}.Release|x64.ActiveCfg = Release|Any CPU
		{90355CC2-8505-4034-94D1-24B06A6B3F1C}.Release|x64.Build.0 = Release|Any CPU
		{90355CC2-8505-4034-94D1-24B06A6B3F1C}.Release|x86.ActiveCfg = Release|Any CPU
		{90355CC2-8505-4034-94D1-24B06A6B3F1C}.Release|x86.Build.0 = Release|Any CPU
		{C8DC0C0A-CDBF-421E-9AB2-7A0972DB4A46}.Debug|Any CPU.ActiveCfg = Debug|Any CPU
		{C8DC0C0A-CDBF-421E-9AB2-7A0972DB4A46}.Debug|Any CPU.Build.0 = Debug|Any CPU
		{C8DC0C0A-CDBF-421E-9AB2-7A0972DB4A46}.Debug|x64.ActiveCfg = Debug|Any CPU
		{C8DC0C0A-CDBF-421E-9AB2-7A0972DB4A46}.Debug|x64.Build.0 = Debug|Any CPU
		{C8DC0C0A-CDBF-421E-9AB2-7A0972DB4A46}.Debug|x86.ActiveCfg = Debug|Any CPU
		{C8DC0C0A-CDBF-421E-9AB2-7A0972DB4A46}.Debug|x86.Build.0 = Debug|Any CPU
		{C8DC0C0A-CDBF-421E-9AB2-7A0972DB4A46}.Release|Any CPU.ActiveCfg = Release|Any CPU
		{C8DC0C0A-CDBF-421E-9AB2-7A0972DB4A46}.Release|Any CPU.Build.0 = Release|Any CPU
		{C8DC0C0A-CDBF-421E-9AB2-7A0972DB4A46}.Release|x64.ActiveCfg = Release|Any CPU
		{C8DC0C0A-CDBF-421E-9AB2-7A0972DB4A46}.Release|x64.Build.0 = Release|Any CPU
		{C8DC0C0A-CDBF-421E-9AB2-7A0972DB4A46}.Release|x86.ActiveCfg = Release|Any CPU
		{C8DC0C0A-CDBF-421E-9AB2-7A0972DB4A46}.Release|x86.Build.0 = Release|Any CPU
		{2FF29927-900D-4EB7-AD4E-92DE5FC6CA0F}.Debug|Any CPU.ActiveCfg = Debug|Any CPU
		{2FF29927-900D-4EB7-AD4E-92DE5FC6CA0F}.Debug|Any CPU.Build.0 = Debug|Any CPU
		{2FF29927-900D-4EB7-AD4E-92DE5FC6CA0F}.Debug|x64.ActiveCfg = Debug|Any CPU
		{2FF29927-900D-4EB7-AD4E-92DE5FC6CA0F}.Debug|x64.Build.0 = Debug|Any CPU
		{2FF29927-900D-4EB7-AD4E-92DE5FC6CA0F}.Debug|x86.ActiveCfg = Debug|Any CPU
		{2FF29927-900D-4EB7-AD4E-92DE5FC6CA0F}.Debug|x86.Build.0 = Debug|Any CPU
		{2FF29927-900D-4EB7-AD4E-92DE5FC6CA0F}.Release|Any CPU.ActiveCfg = Release|Any CPU
		{2FF29927-900D-4EB7-AD4E-92DE5FC6CA0F}.Release|Any CPU.Build.0 = Release|Any CPU
		{2FF29927-900D-4EB7-AD4E-92DE5FC6CA0F}.Release|x64.ActiveCfg = Release|Any CPU
		{2FF29927-900D-4EB7-AD4E-92DE5FC6CA0F}.Release|x64.Build.0 = Release|Any CPU
		{2FF29927-900D-4EB7-AD4E-92DE5FC6CA0F}.Release|x86.ActiveCfg = Release|Any CPU
		{2FF29927-900D-4EB7-AD4E-92DE5FC6CA0F}.Release|x86.Build.0 = Release|Any CPU
		{5C8F82F0-205F-44C1-8590-2B6A43B3E39D}.Debug|Any CPU.ActiveCfg = Debug|x86
		{5C8F82F0-205F-44C1-8590-2B6A43B3E39D}.Debug|x64.ActiveCfg = Debug|x86
		{5C8F82F0-205F-44C1-8590-2B6A43B3E39D}.Debug|x86.ActiveCfg = Debug|x86
		{5C8F82F0-205F-44C1-8590-2B6A43B3E39D}.Debug|x86.Build.0 = Debug|x86
		{5C8F82F0-205F-44C1-8590-2B6A43B3E39D}.Release|Any CPU.ActiveCfg = Release|x86
		{5C8F82F0-205F-44C1-8590-2B6A43B3E39D}.Release|x64.ActiveCfg = Release|x86
		{5C8F82F0-205F-44C1-8590-2B6A43B3E39D}.Release|x86.ActiveCfg = Release|x86
		{5C8F82F0-205F-44C1-8590-2B6A43B3E39D}.Release|x86.Build.0 = Release|x86
		{A50AAE3F-414E-4721-B77A-3912CDE3E27A}.Debug|Any CPU.ActiveCfg = Debug|Any CPU
		{A50AAE3F-414E-4721-B77A-3912CDE3E27A}.Debug|Any CPU.Build.0 = Debug|Any CPU
		{A50AAE3F-414E-4721-B77A-3912CDE3E27A}.Debug|x64.ActiveCfg = Debug|Any CPU
		{A50AAE3F-414E-4721-B77A-3912CDE3E27A}.Debug|x64.Build.0 = Debug|Any CPU
		{A50AAE3F-414E-4721-B77A-3912CDE3E27A}.Debug|x86.ActiveCfg = Debug|Any CPU
		{A50AAE3F-414E-4721-B77A-3912CDE3E27A}.Debug|x86.Build.0 = Debug|Any CPU
		{A50AAE3F-414E-4721-B77A-3912CDE3E27A}.Release|Any CPU.ActiveCfg = Release|Any CPU
		{A50AAE3F-414E-4721-B77A-3912CDE3E27A}.Release|Any CPU.Build.0 = Release|Any CPU
		{A50AAE3F-414E-4721-B77A-3912CDE3E27A}.Release|x64.ActiveCfg = Release|Any CPU
		{A50AAE3F-414E-4721-B77A-3912CDE3E27A}.Release|x64.Build.0 = Release|Any CPU
		{A50AAE3F-414E-4721-B77A-3912CDE3E27A}.Release|x86.ActiveCfg = Release|Any CPU
		{A50AAE3F-414E-4721-B77A-3912CDE3E27A}.Release|x86.Build.0 = Release|Any CPU
		{2358A53F-D327-4DBA-9B81-247FA7CD0AB4}.Debug|Any CPU.ActiveCfg = Debug|x86
		{2358A53F-D327-4DBA-9B81-247FA7CD0AB4}.Debug|x64.ActiveCfg = Debug|x86
		{2358A53F-D327-4DBA-9B81-247FA7CD0AB4}.Debug|x86.ActiveCfg = Debug|x86
		{2358A53F-D327-4DBA-9B81-247FA7CD0AB4}.Debug|x86.Build.0 = Debug|x86
		{2358A53F-D327-4DBA-9B81-247FA7CD0AB4}.Release|Any CPU.ActiveCfg = Release|x86
		{2358A53F-D327-4DBA-9B81-247FA7CD0AB4}.Release|x64.ActiveCfg = Release|x86
		{2358A53F-D327-4DBA-9B81-247FA7CD0AB4}.Release|x86.ActiveCfg = Release|x86
		{2358A53F-D327-4DBA-9B81-247FA7CD0AB4}.Release|x86.Build.0 = Release|x86
		{5A1ECB8E-2084-4108-9052-A7A49D83B788}.Debug|Any CPU.ActiveCfg = Debug|Any CPU
		{5A1ECB8E-2084-4108-9052-A7A49D83B788}.Debug|Any CPU.Build.0 = Debug|Any CPU
		{5A1ECB8E-2084-4108-9052-A7A49D83B788}.Debug|x64.ActiveCfg = Debug|Any CPU
		{5A1ECB8E-2084-4108-9052-A7A49D83B788}.Debug|x64.Build.0 = Debug|Any CPU
		{5A1ECB8E-2084-4108-9052-A7A49D83B788}.Debug|x86.ActiveCfg = Debug|Any CPU
		{5A1ECB8E-2084-4108-9052-A7A49D83B788}.Debug|x86.Build.0 = Debug|Any CPU
		{5A1ECB8E-2084-4108-9052-A7A49D83B788}.Release|Any CPU.ActiveCfg = Release|Any CPU
		{5A1ECB8E-2084-4108-9052-A7A49D83B788}.Release|Any CPU.Build.0 = Release|Any CPU
		{5A1ECB8E-2084-4108-9052-A7A49D83B788}.Release|x64.ActiveCfg = Release|Any CPU
		{5A1ECB8E-2084-4108-9052-A7A49D83B788}.Release|x64.Build.0 = Release|Any CPU
		{5A1ECB8E-2084-4108-9052-A7A49D83B788}.Release|x86.ActiveCfg = Release|Any CPU
		{5A1ECB8E-2084-4108-9052-A7A49D83B788}.Release|x86.Build.0 = Release|Any CPU
		{67BB774A-6C78-430D-BBC8-74365156B87E}.Debug|Any CPU.ActiveCfg = Debug|Any CPU
		{67BB774A-6C78-430D-BBC8-74365156B87E}.Debug|Any CPU.Build.0 = Debug|Any CPU
		{67BB774A-6C78-430D-BBC8-74365156B87E}.Debug|x64.ActiveCfg = Debug|Any CPU
		{67BB774A-6C78-430D-BBC8-74365156B87E}.Debug|x64.Build.0 = Debug|Any CPU
		{67BB774A-6C78-430D-BBC8-74365156B87E}.Debug|x86.ActiveCfg = Debug|Any CPU
		{67BB774A-6C78-430D-BBC8-74365156B87E}.Debug|x86.Build.0 = Debug|Any CPU
		{67BB774A-6C78-430D-BBC8-74365156B87E}.Release|Any CPU.ActiveCfg = Release|Any CPU
		{67BB774A-6C78-430D-BBC8-74365156B87E}.Release|Any CPU.Build.0 = Release|Any CPU
		{67BB774A-6C78-430D-BBC8-74365156B87E}.Release|x64.ActiveCfg = Release|Any CPU
		{67BB774A-6C78-430D-BBC8-74365156B87E}.Release|x64.Build.0 = Release|Any CPU
		{67BB774A-6C78-430D-BBC8-74365156B87E}.Release|x86.ActiveCfg = Release|Any CPU
		{67BB774A-6C78-430D-BBC8-74365156B87E}.Release|x86.Build.0 = Release|Any CPU
		{7CDE83DB-0B71-433F-A9A2-8FEBB2165C13}.Debug|Any CPU.ActiveCfg = Debug|Any CPU
		{7CDE83DB-0B71-433F-A9A2-8FEBB2165C13}.Debug|Any CPU.Build.0 = Debug|Any CPU
		{7CDE83DB-0B71-433F-A9A2-8FEBB2165C13}.Debug|x64.ActiveCfg = Debug|Any CPU
		{7CDE83DB-0B71-433F-A9A2-8FEBB2165C13}.Debug|x64.Build.0 = Debug|Any CPU
		{7CDE83DB-0B71-433F-A9A2-8FEBB2165C13}.Debug|x86.ActiveCfg = Debug|Any CPU
		{7CDE83DB-0B71-433F-A9A2-8FEBB2165C13}.Debug|x86.Build.0 = Debug|Any CPU
		{7CDE83DB-0B71-433F-A9A2-8FEBB2165C13}.Release|Any CPU.ActiveCfg = Release|Any CPU
		{7CDE83DB-0B71-433F-A9A2-8FEBB2165C13}.Release|Any CPU.Build.0 = Release|Any CPU
		{7CDE83DB-0B71-433F-A9A2-8FEBB2165C13}.Release|x64.ActiveCfg = Release|Any CPU
		{7CDE83DB-0B71-433F-A9A2-8FEBB2165C13}.Release|x64.Build.0 = Release|Any CPU
		{7CDE83DB-0B71-433F-A9A2-8FEBB2165C13}.Release|x86.ActiveCfg = Release|Any CPU
		{7CDE83DB-0B71-433F-A9A2-8FEBB2165C13}.Release|x86.Build.0 = Release|Any CPU
		{D2B3B712-B297-41CB-8800-87C55B86169D}.Debug|Any CPU.ActiveCfg = Debug|Any CPU
		{D2B3B712-B297-41CB-8800-87C55B86169D}.Debug|Any CPU.Build.0 = Debug|Any CPU
		{D2B3B712-B297-41CB-8800-87C55B86169D}.Debug|x64.ActiveCfg = Debug|Any CPU
		{D2B3B712-B297-41CB-8800-87C55B86169D}.Debug|x64.Build.0 = Debug|Any CPU
		{D2B3B712-B297-41CB-8800-87C55B86169D}.Debug|x86.ActiveCfg = Debug|Any CPU
		{D2B3B712-B297-41CB-8800-87C55B86169D}.Debug|x86.Build.0 = Debug|Any CPU
		{D2B3B712-B297-41CB-8800-87C55B86169D}.Release|Any CPU.ActiveCfg = Release|Any CPU
		{D2B3B712-B297-41CB-8800-87C55B86169D}.Release|Any CPU.Build.0 = Release|Any CPU
		{D2B3B712-B297-41CB-8800-87C55B86169D}.Release|x64.ActiveCfg = Release|Any CPU
		{D2B3B712-B297-41CB-8800-87C55B86169D}.Release|x64.Build.0 = Release|Any CPU
		{D2B3B712-B297-41CB-8800-87C55B86169D}.Release|x86.ActiveCfg = Release|Any CPU
		{D2B3B712-B297-41CB-8800-87C55B86169D}.Release|x86.Build.0 = Release|Any CPU
	EndGlobalSection
	GlobalSection(SolutionProperties) = preSolution
		HideSolutionNode = FALSE
	EndGlobalSection
	GlobalSection(NestedProjects) = preSolution
		{2298F61E-388D-4BC6-B75C-A899014BFB63} = {AC0EA6C6-A0E5-4BF2-B994-143EA0240366}
		{F545FAC7-57C5-420E-8F69-D409F1E9A2CA} = {9703857A-10BA-48E5-ABCB-4D4D619FC899}
		{90355CC2-8505-4034-94D1-24B06A6B3F1C} = {AC0EA6C6-A0E5-4BF2-B994-143EA0240366}
		{C8DC0C0A-CDBF-421E-9AB2-7A0972DB4A46} = {9703857A-10BA-48E5-ABCB-4D4D619FC899}
		{2FF29927-900D-4EB7-AD4E-92DE5FC6CA0F} = {9703857A-10BA-48E5-ABCB-4D4D619FC899}
		{5C8F82F0-205F-44C1-8590-2B6A43B3E39D} = {E4D176CB-6DC3-4B51-BD3D-26CF6DE03CDD}
		{A50AAE3F-414E-4721-B77A-3912CDE3E27A} = {735A2C6F-DBE1-463C-A7F0-3F37B7FDC9DB}
		{2358A53F-D327-4DBA-9B81-247FA7CD0AB4} = {E4D176CB-6DC3-4B51-BD3D-26CF6DE03CDD}
		{B4A9D8F3-12C7-43C7-B276-3B8543E387E9} = {CD9DC458-1548-45A3-BF8F-96F8B38BD7A3}
		{5A1ECB8E-2084-4108-9052-A7A49D83B788} = {9703857A-10BA-48E5-ABCB-4D4D619FC899}
		{A78E83AB-E031-4857-9C94-BDACD13921EF} = {CD9DC458-1548-45A3-BF8F-96F8B38BD7A3}
		{67BB774A-6C78-430D-BBC8-74365156B87E} = {A78E83AB-E031-4857-9C94-BDACD13921EF}
		{7CDE83DB-0B71-433F-A9A2-8FEBB2165C13} = {B4A9D8F3-12C7-43C7-B276-3B8543E387E9}
		{D2B3B712-B297-41CB-8800-87C55B86169D} = {9703857A-10BA-48E5-ABCB-4D4D619FC899}
	EndGlobalSection
	GlobalSection(ExtensibilityGlobals) = postSolution
		VisualSVNWorkingCopyRoot = .
		SolutionGuid = {86204554-1357-45A5-A82C-A85E5C87900D}
	EndGlobalSection
EndGlobal
